
Microsoft Visual Studio Solution File, Format Version 12.00
# Visual Studio Version 16
VisualStudioVersion = 16.0.31409.214
MinimumVisualStudioVersion = 10.0.40219.1
Project("{FAE04EC0-301F-11D3-BF4B-00C04F79EFBC}") = "Making_Anagrams", "Making_Anagrams.csproj", "{8D007F88-22D9-4D30-BFAA-1A00C2BD6A6E}"
EndProject
Project("{FAE04EC0-301F-11D3-BF4B-00C04F79EFBC}") = "Anagram_Test", "..\Anagram_Test\Anagram_Test.csproj", "{1DC682B7-A577-4A3C-9815-90BCBCBBBFAA}"
EndProject
Global
	GlobalSection(SolutionConfigurationPlatforms) = preSolution
		Debug|Any CPU = Debug|Any CPU
		Release|Any CPU = Release|Any CPU
	EndGlobalSection
	GlobalSection(ProjectConfigurationPlatforms) = postSolution
		{8D007F88-22D9-4D30-BFAA-1A00C2BD6A6E}.Debug|Any CPU.ActiveCfg = Debug|Any CPU
		{8D007F88-22D9-4D30-BFAA-1A00C2BD6A6E}.Debug|Any CPU.Build.0 = Debug|Any CPU
		{8D007F88-22D9-4D30-BFAA-1A00C2BD6A6E}.Release|Any CPU.ActiveCfg = Release|Any CPU
		{8D007F88-22D9-4D30-BFAA-1A00C2BD6A6E}.Release|Any CPU.Build.0 = Release|Any CPU
		{1DC682B7-A577-4A3C-9815-90BCBCBBBFAA}.Debug|Any CPU.ActiveCfg = Debug|Any CPU
		{1DC682B7-A577-4A3C-9815-90BCBCBBBFAA}.Debug|Any CPU.Build.0 = Debug|Any CPU
		{1DC682B7-A577-4A3C-9815-90BCBCBBBFAA}.Release|Any CPU.ActiveCfg = Release|Any CPU
		{1DC682B7-A577-4A3C-9815-90BCBCBBBFAA}.Release|Any CPU.Build.0 = Release|Any CPU
	EndGlobalSection
	GlobalSection(SolutionProperties) = preSolution
		HideSolutionNode = FALSE
	EndGlobalSection
	GlobalSection(ExtensibilityGlobals) = postSolution
		SolutionGuid = {EEF03812-F9D2-44AA-AE9A-9142656DC24B}
	EndGlobalSection
EndGlobal
